
Microsoft Visual Studio Solution File, Format Version 12.00
# Visual Studio Version 16
VisualStudioVersion = 16.0.30517.126
MinimumVisualStudioVersion = 10.0.40219.1
Project("{9A19103F-16F7-4668-BE54-9A1E7A4F7556}") = "Course", "Corse\Course.csproj", "{56178213-04FA-4503-8269-2544F9EFD92B}"
EndProject
Global
	GlobalSection(SolutionConfigurationPlatforms) = preSolution
		Debug|Any CPU = Debug|Any CPU
		Release|Any CPU = Release|Any CPU
	EndGlobalSection
	GlobalSection(ProjectConfigurationPlatforms) = postSolution
		{56178213-04FA-4503-8269-2544F9EFD92B}.Debug|Any CPU.ActiveCfg = Debug|Any CPU
		{56178213-04FA-4503-8269-2544F9EFD92B}.Debug|Any CPU.Build.0 = Debug|Any CPU
		{56178213-04FA-4503-8269-2544F9EFD92B}.Release|Any CPU.ActiveCfg = Release|Any CPU
		{56178213-04FA-4503-8269-2544F9EFD92B}.Release|Any CPU.Build.0 = Release|Any CPU
	EndGlobalSection
	GlobalSection(SolutionProperties) = preSolution
		HideSolutionNode = FALSE
	EndGlobalSection
	GlobalSection(ExtensibilityGlobals) = postSolution
		SolutionGuid = {2275DD52-4453-46CB-954E-8002832B75B5}
	EndGlobalSection
EndGlobal
